// !$*UTF8*$!
{
	archiveVersion = 1;
	classes = {
	};
	objectVersion = 48;
	objects = {

/* Begin PBXBuildFile section */
		D22103D31FC21591009C5143 /* IntervalTimer.swift in Sources */ = {isa = PBXBuildFile; fileRef = D22103D21FC21591009C5143 /* IntervalTimer.swift */; };
		D22103D81FC37E8D009C5143 /* SwitchTableViewCell.swift in Sources */ = {isa = PBXBuildFile; fileRef = D22103D61FC37E8D009C5143 /* SwitchTableViewCell.swift */; };
		D22103D91FC37E8D009C5143 /* SwitchTableViewCell.xib in Resources */ = {isa = PBXBuildFile; fileRef = D22103D71FC37E8D009C5143 /* SwitchTableViewCell.xib */; };
		D22103ED1FC4A1B8009C5143 /* Sample.wav in Resources */ = {isa = PBXBuildFile; fileRef = D22103E71FC4A1B7009C5143 /* Sample.wav */; };
		D22103EE1FC4A1B8009C5143 /* Round 1.wav in Resources */ = {isa = PBXBuildFile; fileRef = D22103E81FC4A1B7009C5143 /* Round 1.wav */; };
		D22103EF1FC4A1B8009C5143 /* Pour.wav in Resources */ = {isa = PBXBuildFile; fileRef = D22103E91FC4A1B7009C5143 /* Pour.wav */; };
		D22103F01FC4A1B8009C5143 /* Break.wav in Resources */ = {isa = PBXBuildFile; fileRef = D22103EA1FC4A1B7009C5143 /* Break.wav */; };
		D22103F11FC4A1B8009C5143 /* Round 3.wav in Resources */ = {isa = PBXBuildFile; fileRef = D22103EB1FC4A1B7009C5143 /* Round 3.wav */; };
		D22103F21FC4A1B8009C5143 /* Round 2.wav in Resources */ = {isa = PBXBuildFile; fileRef = D22103EC1FC4A1B8009C5143 /* Round 2.wav */; };
		D22103F41FC4AFD5009C5143 /* AVFoundation.framework in Frameworks */ = {isa = PBXBuildFile; fileRef = D22103F31FC4AFC8009C5143 /* AVFoundation.framework */; };
		D234925A1FEEE80500298627 /* MKMagneticProgress.swift in Sources */ = {isa = PBXBuildFile; fileRef = D23492591FEEE80400298627 /* MKMagneticProgress.swift */; };
		D23F194F1FD5C7270063BF58 /* Get ready final.wav in Resources */ = {isa = PBXBuildFile; fileRef = D23F194E1FD5C7270063BF58 /* Get ready final.wav */; };
		D26C9E331FBCF4C90054B918 /* greenButton.png in Resources */ = {isa = PBXBuildFile; fileRef = D26C9E321FBCF4C80054B918 /* greenButton.png */; };
		D26C9E351FBCFA6E0054B918 /* redButton.png in Resources */ = {isa = PBXBuildFile; fileRef = D26C9E341FBCFA6C0054B918 /* redButton.png */; };
		D26C9E371FBD70930054B918 /* reButtonWithShadow.png in Resources */ = {isa = PBXBuildFile; fileRef = D26C9E361FBD70920054B918 /* reButtonWithShadow.png */; };
		D26C9E3A1FBD8BBA0054B918 /* ios-circular-progress-bar-master in Frameworks */ = {isa = PBXBuildFile; fileRef = D26C9E391FBD8BBA0054B918 /* ios-circular-progress-bar-master */; settings = {ATTRIBUTES = (Required, ); }; };
		D288BD4C1FA877B10050BB48 /* AppDelegate.swift in Sources */ = {isa = PBXBuildFile; fileRef = D288BD4B1FA877B10050BB48 /* AppDelegate.swift */; };
		D288BD4E1FA877B20050BB48 /* ViewController.swift in Sources */ = {isa = PBXBuildFile; fileRef = D288BD4D1FA877B20050BB48 /* ViewController.swift */; };
		D288BD511FA877B20050BB48 /* Main.storyboard in Resources */ = {isa = PBXBuildFile; fileRef = D288BD4F1FA877B20050BB48 /* Main.storyboard */; };
		D288BD531FA877B20050BB48 /* Assets.xcassets in Resources */ = {isa = PBXBuildFile; fileRef = D288BD521FA877B20050BB48 /* Assets.xcassets */; };
		D288BD561FA877B20050BB48 /* LaunchScreen.storyboard in Resources */ = {isa = PBXBuildFile; fileRef = D288BD541FA877B20050BB48 /* LaunchScreen.storyboard */; };
		D288BD611FA877B20050BB48 /* CupOmatic_v2Tests.swift in Sources */ = {isa = PBXBuildFile; fileRef = D288BD601FA877B20050BB48 /* CupOmatic_v2Tests.swift */; };
		D288BD6C1FA877B20050BB48 /* CupOmatic_v2UITests.swift in Sources */ = {isa = PBXBuildFile; fileRef = D288BD6B1FA877B20050BB48 /* CupOmatic_v2UITests.swift */; };
		D288BD881FA8ADCA0050BB48 /* Stop.png in Resources */ = {isa = PBXBuildFile; fileRef = D288BD871FA8ADCA0050BB48 /* Stop.png */; };
		D288BD8B1FA8ADFA0050BB48 /* Start.png in Resources */ = {isa = PBXBuildFile; fileRef = D288BD8A1FA8ADFA0050BB48 /* Start.png */; };
		D288BD8D1FA8AE070050BB48 /* Reset.png in Resources */ = {isa = PBXBuildFile; fileRef = D288BD8C1FA8AE070050BB48 /* Reset.png */; };
		D288BD8F1FA8BC040050BB48 /* ParentTimer.swift in Sources */ = {isa = PBXBuildFile; fileRef = D288BD8E1FA8BC040050BB48 /* ParentTimer.swift */; };
		D288BD911FA8C0270050BB48 /* TimerCell.swift in Sources */ = {isa = PBXBuildFile; fileRef = D288BD901FA8C0270050BB48 /* TimerCell.swift */; };
		D29CABCC1FAF7A03008EB8EF /* Audio.swift in Sources */ = {isa = PBXBuildFile; fileRef = D29CABCB1FAF7A03008EB8EF /* Audio.swift */; };
		D29CABCE1FAF85AC008EB8EF /* AlarmSoundViewController.swift in Sources */ = {isa = PBXBuildFile; fileRef = D29CABCD1FAF85AC008EB8EF /* AlarmSoundViewController.swift */; };
		D2D077181FAE24AE00812949 /* backButtonIcon.png in Resources */ = {isa = PBXBuildFile; fileRef = D2D077171FAE24AD00812949 /* backButtonIcon.png */; };
		D2D0771A1FAE2C2B00812949 /* SettingsViewController.swift in Sources */ = {isa = PBXBuildFile; fileRef = D2D077191FAE2C2B00812949 /* SettingsViewController.swift */; };
		D2D0771C1FAE2C6000812949 /* InstructionsViewController.swift in Sources */ = {isa = PBXBuildFile; fileRef = D2D0771B1FAE2C6000812949 /* InstructionsViewController.swift */; };
		D2D0771E1FAE435100812949 /* bowlsViewController.swift in Sources */ = {isa = PBXBuildFile; fileRef = D2D0771D1FAE435100812949 /* bowlsViewController.swift */; };
		D2D077201FAE435B00812949 /* intervalViewController.swift in Sources */ = {isa = PBXBuildFile; fileRef = D2D0771F1FAE435B00812949 /* intervalViewController.swift */; };
		D2D077221FAE436400812949 /* breakViewController.swift in Sources */ = {isa = PBXBuildFile; fileRef = D2D077211FAE436400812949 /* breakViewController.swift */; };
		D2D077241FAE436B00812949 /* sampleViewController.swift in Sources */ = {isa = PBXBuildFile; fileRef = D2D077231FAE436B00812949 /* sampleViewController.swift */; };
		D2D0772C1FAF109E00812949 /* RoundOneViewController.swift in Sources */ = {isa = PBXBuildFile; fileRef = D2D0772B1FAF109E00812949 /* RoundOneViewController.swift */; };
		D2D0772E1FAF152900812949 /* RoundViewController.swift in Sources */ = {isa = PBXBuildFile; fileRef = D2D0772D1FAF152900812949 /* RoundViewController.swift */; };
		D2D077301FAF41AC00812949 /* RoundTwoViewController.swift in Sources */ = {isa = PBXBuildFile; fileRef = D2D0772F1FAF41AC00812949 /* RoundTwoViewController.swift */; };
		D2D077321FAF41C000812949 /* RoundThreeViewController.swift in Sources */ = {isa = PBXBuildFile; fileRef = D2D077311FAF41C000812949 /* RoundThreeViewController.swift */; };
/* End PBXBuildFile section */

/* Begin PBXContainerItemProxy section */
		D288BD5D1FA877B20050BB48 /* PBXContainerItemProxy */ = {
			isa = PBXContainerItemProxy;
			containerPortal = D288BD401FA877B10050BB48 /* Project object */;
			proxyType = 1;
			remoteGlobalIDString = D288BD471FA877B10050BB48;
			remoteInfo = "CupOmatic v2";
		};
		D288BD681FA877B20050BB48 /* PBXContainerItemProxy */ = {
			isa = PBXContainerItemProxy;
			containerPortal = D288BD401FA877B10050BB48 /* Project object */;
			proxyType = 1;
			remoteGlobalIDString = D288BD471FA877B10050BB48;
			remoteInfo = "CupOmatic v2";
		};
/* End PBXContainerItemProxy section */

/* Begin PBXFileReference section */
		D22103D21FC21591009C5143 /* IntervalTimer.swift */ = {isa = PBXFileReference; lastKnownFileType = sourcecode.swift; path = IntervalTimer.swift; sourceTree = "<group>"; };
		D22103D61FC37E8D009C5143 /* SwitchTableViewCell.swift */ = {isa = PBXFileReference; lastKnownFileType = sourcecode.swift; path = SwitchTableViewCell.swift; sourceTree = "<group>"; };
		D22103D71FC37E8D009C5143 /* SwitchTableViewCell.xib */ = {isa = PBXFileReference; lastKnownFileType = file.xib; path = SwitchTableViewCell.xib; sourceTree = "<group>"; };
		D22103E71FC4A1B7009C5143 /* Sample.wav */ = {isa = PBXFileReference; lastKnownFileType = audio.wav; path = Sample.wav; sourceTree = "<group>"; };
		D22103E81FC4A1B7009C5143 /* Round 1.wav */ = {isa = PBXFileReference; lastKnownFileType = audio.wav; path = "Round 1.wav"; sourceTree = "<group>"; };
		D22103E91FC4A1B7009C5143 /* Pour.wav */ = {isa = PBXFileReference; lastKnownFileType = audio.wav; path = Pour.wav; sourceTree = "<group>"; };
		D22103EA1FC4A1B7009C5143 /* Break.wav */ = {isa = PBXFileReference; lastKnownFileType = audio.wav; path = Break.wav; sourceTree = "<group>"; };
		D22103EB1FC4A1B7009C5143 /* Round 3.wav */ = {isa = PBXFileReference; lastKnownFileType = audio.wav; path = "Round 3.wav"; sourceTree = "<group>"; };
		D22103EC1FC4A1B8009C5143 /* Round 2.wav */ = {isa = PBXFileReference; lastKnownFileType = audio.wav; path = "Round 2.wav"; sourceTree = "<group>"; };
		D22103F31FC4AFC8009C5143 /* AVFoundation.framework */ = {isa = PBXFileReference; lastKnownFileType = wrapper.framework; name = AVFoundation.framework; path = System/Library/Frameworks/AVFoundation.framework; sourceTree = SDKROOT; };
		D22103F51FC4AFDD009C5143 /* AudioToolbox.framework */ = {isa = PBXFileReference; lastKnownFileType = wrapper.framework; name = AudioToolbox.framework; path = System/Library/Frameworks/AudioToolbox.framework; sourceTree = SDKROOT; };
		D23492591FEEE80400298627 /* MKMagneticProgress.swift */ = {isa = PBXFileReference; lastKnownFileType = sourcecode.swift; name = MKMagneticProgress.swift; path = "/Users/earyzhe/Dropbox/dev/iOS apps/Cup0matic/CupOmatic_v2/CupOmatic v2.3 (Github)/cupOmatic/MKMagneticProgress.swift"; sourceTree = "<absolute>"; };
		D23F194E1FD5C7270063BF58 /* Get ready final.wav */ = {isa = PBXFileReference; lastKnownFileType = audio.wav; name = "Get ready final.wav"; path = "../../../../../../../../../Downloads/Get ready final.wav"; sourceTree = "<group>"; };
		D26C9E321FBCF4C80054B918 /* greenButton.png */ = {isa = PBXFileReference; lastKnownFileType = image.png; path = greenButton.png; sourceTree = "<group>"; };
		D26C9E341FBCFA6C0054B918 /* redButton.png */ = {isa = PBXFileReference; lastKnownFileType = image.png; path = redButton.png; sourceTree = "<group>"; };
		D26C9E361FBD70920054B918 /* reButtonWithShadow.png */ = {isa = PBXFileReference; lastKnownFileType = image.png; path = reButtonWithShadow.png; sourceTree = "<group>"; };
		D26C9E391FBD8BBA0054B918 /* ios-circular-progress-bar-master */ = {isa = PBXFileReference; lastKnownFileType = folder; name = "ios-circular-progress-bar-master"; path = "../../../../../../../Desktop/ios-circular-progress-bar-master"; sourceTree = "<group>"; };
		D26C9E3B1FBD8C7E0054B918 /* QuartzCore.framework */ = {isa = PBXFileReference; lastKnownFileType = wrapper.framework; name = QuartzCore.framework; path = System/Library/Frameworks/QuartzCore.framework; sourceTree = SDKROOT; };
		D288BD481FA877B10050BB48 /* CupOmatic v2.app */ = {isa = PBXFileReference; explicitFileType = wrapper.application; includeInIndex = 0; path = "CupOmatic v2.app"; sourceTree = BUILT_PRODUCTS_DIR; };
		D288BD4B1FA877B10050BB48 /* AppDelegate.swift */ = {isa = PBXFileReference; lastKnownFileType = sourcecode.swift; path = AppDelegate.swift; sourceTree = "<group>"; };
		D288BD4D1FA877B20050BB48 /* ViewController.swift */ = {isa = PBXFileReference; lastKnownFileType = sourcecode.swift; path = ViewController.swift; sourceTree = "<group>"; };
		D288BD501FA877B20050BB48 /* Base */ = {isa = PBXFileReference; lastKnownFileType = file.storyboard; name = Base; path = Base.lproj/Main.storyboard; sourceTree = "<group>"; };
		D288BD521FA877B20050BB48 /* Assets.xcassets */ = {isa = PBXFileReference; lastKnownFileType = folder.assetcatalog; path = Assets.xcassets; sourceTree = "<group>"; };
		D288BD551FA877B20050BB48 /* Base */ = {isa = PBXFileReference; lastKnownFileType = file.storyboard; name = Base; path = Base.lproj/LaunchScreen.storyboard; sourceTree = "<group>"; };
		D288BD571FA877B20050BB48 /* Info.plist */ = {isa = PBXFileReference; lastKnownFileType = text.plist.xml; path = Info.plist; sourceTree = "<group>"; };
		D288BD5C1FA877B20050BB48 /* CupOmatic v2Tests.xctest */ = {isa = PBXFileReference; explicitFileType = wrapper.cfbundle; includeInIndex = 0; path = "CupOmatic v2Tests.xctest"; sourceTree = BUILT_PRODUCTS_DIR; };
		D288BD601FA877B20050BB48 /* CupOmatic_v2Tests.swift */ = {isa = PBXFileReference; lastKnownFileType = sourcecode.swift; path = CupOmatic_v2Tests.swift; sourceTree = "<group>"; };
		D288BD621FA877B20050BB48 /* Info.plist */ = {isa = PBXFileReference; lastKnownFileType = text.plist.xml; path = Info.plist; sourceTree = "<group>"; };
		D288BD671FA877B20050BB48 /* CupOmatic v2UITests.xctest */ = {isa = PBXFileReference; explicitFileType = wrapper.cfbundle; includeInIndex = 0; path = "CupOmatic v2UITests.xctest"; sourceTree = BUILT_PRODUCTS_DIR; };
		D288BD6B1FA877B20050BB48 /* CupOmatic_v2UITests.swift */ = {isa = PBXFileReference; lastKnownFileType = sourcecode.swift; path = CupOmatic_v2UITests.swift; sourceTree = "<group>"; };
		D288BD6D1FA877B20050BB48 /* Info.plist */ = {isa = PBXFileReference; lastKnownFileType = text.plist.xml; path = Info.plist; sourceTree = "<group>"; };
		D288BD871FA8ADCA0050BB48 /* Stop.png */ = {isa = PBXFileReference; lastKnownFileType = image.png; path = Stop.png; sourceTree = "<group>"; };
		D288BD8A1FA8ADFA0050BB48 /* Start.png */ = {isa = PBXFileReference; lastKnownFileType = image.png; path = Start.png; sourceTree = "<group>"; };
		D288BD8C1FA8AE070050BB48 /* Reset.png */ = {isa = PBXFileReference; lastKnownFileType = image.png; path = Reset.png; sourceTree = "<group>"; };
		D288BD8E1FA8BC040050BB48 /* ParentTimer.swift */ = {isa = PBXFileReference; lastKnownFileType = sourcecode.swift; path = ParentTimer.swift; sourceTree = "<group>"; };
		D288BD901FA8C0270050BB48 /* TimerCell.swift */ = {isa = PBXFileReference; lastKnownFileType = sourcecode.swift; path = TimerCell.swift; sourceTree = "<group>"; };
		D29CABCB1FAF7A03008EB8EF /* Audio.swift */ = {isa = PBXFileReference; lastKnownFileType = sourcecode.swift; path = Audio.swift; sourceTree = "<group>"; };
		D29CABCD1FAF85AC008EB8EF /* AlarmSoundViewController.swift */ = {isa = PBXFileReference; lastKnownFileType = sourcecode.swift; path = AlarmSoundViewController.swift; sourceTree = "<group>"; };
		D2A769A51FAB031D00B2756D /* CupOmatic v2.entitlements */ = {isa = PBXFileReference; lastKnownFileType = text.plist.entitlements; path = "CupOmatic v2.entitlements"; sourceTree = "<group>"; };
		D2D077171FAE24AD00812949 /* backButtonIcon.png */ = {isa = PBXFileReference; lastKnownFileType = image.png; path = backButtonIcon.png; sourceTree = "<group>"; };
		D2D077191FAE2C2B00812949 /* SettingsViewController.swift */ = {isa = PBXFileReference; lastKnownFileType = sourcecode.swift; path = SettingsViewController.swift; sourceTree = "<group>"; };
		D2D0771B1FAE2C6000812949 /* InstructionsViewController.swift */ = {isa = PBXFileReference; lastKnownFileType = sourcecode.swift; path = InstructionsViewController.swift; sourceTree = "<group>"; };
		D2D0771D1FAE435100812949 /* bowlsViewController.swift */ = {isa = PBXFileReference; fileEncoding = 4; lastKnownFileType = sourcecode.swift; path = bowlsViewController.swift; sourceTree = "<group>"; };
		D2D0771F1FAE435B00812949 /* intervalViewController.swift */ = {isa = PBXFileReference; fileEncoding = 4; lastKnownFileType = sourcecode.swift; path = intervalViewController.swift; sourceTree = "<group>"; };
		D2D077211FAE436400812949 /* breakViewController.swift */ = {isa = PBXFileReference; fileEncoding = 4; lastKnownFileType = sourcecode.swift; path = breakViewController.swift; sourceTree = "<group>"; };
		D2D077231FAE436B00812949 /* sampleViewController.swift */ = {isa = PBXFileReference; fileEncoding = 4; lastKnownFileType = sourcecode.swift; path = sampleViewController.swift; sourceTree = "<group>"; };
		D2D0772B1FAF109E00812949 /* RoundOneViewController.swift */ = {isa = PBXFileReference; lastKnownFileType = sourcecode.swift; path = RoundOneViewController.swift; sourceTree = "<group>"; };
		D2D0772D1FAF152900812949 /* RoundViewController.swift */ = {isa = PBXFileReference; fileEncoding = 4; lastKnownFileType = sourcecode.swift; path = RoundViewController.swift; sourceTree = "<group>"; };
		D2D0772F1FAF41AC00812949 /* RoundTwoViewController.swift */ = {isa = PBXFileReference; lastKnownFileType = sourcecode.swift; path = RoundTwoViewController.swift; sourceTree = "<group>"; };
		D2D077311FAF41C000812949 /* RoundThreeViewController.swift */ = {isa = PBXFileReference; lastKnownFileType = sourcecode.swift; path = RoundThreeViewController.swift; sourceTree = "<group>"; };
/* End PBXFileReference section */

/* Begin PBXFrameworksBuildPhase section */
		D288BD451FA877B10050BB48 /* Frameworks */ = {
			isa = PBXFrameworksBuildPhase;
			buildActionMask = 2147483647;
			files = (
				D22103F41FC4AFD5009C5143 /* AVFoundation.framework in Frameworks */,
				D26C9E3A1FBD8BBA0054B918 /* ios-circular-progress-bar-master in Frameworks */,
			);
			runOnlyForDeploymentPostprocessing = 0;
		};
		D288BD591FA877B20050BB48 /* Frameworks */ = {
			isa = PBXFrameworksBuildPhase;
			buildActionMask = 2147483647;
			files = (
			);
			runOnlyForDeploymentPostprocessing = 0;
		};
		D288BD641FA877B20050BB48 /* Frameworks */ = {
			isa = PBXFrameworksBuildPhase;
			buildActionMask = 2147483647;
			files = (
			);
			runOnlyForDeploymentPostprocessing = 0;
		};
/* End PBXFrameworksBuildPhase section */

/* Begin PBXGroup section */
		D22103DA1FC4A0FF009C5143 /* Audio */ = {
			isa = PBXGroup;
			children = (
				D23F194E1FD5C7270063BF58 /* Get ready final.wav */,
				D22103EA1FC4A1B7009C5143 /* Break.wav */,
				D22103E91FC4A1B7009C5143 /* Pour.wav */,
				D22103E81FC4A1B7009C5143 /* Round 1.wav */,
				D22103EC1FC4A1B8009C5143 /* Round 2.wav */,
				D22103EB1FC4A1B7009C5143 /* Round 3.wav */,
				D22103E71FC4A1B7009C5143 /* Sample.wav */,
			);
			path = Audio;
			sourceTree = "<group>";
		};
		D26C9E381FBD8BB80054B918 /* Frameworks */ = {
			isa = PBXGroup;
			children = (
				D22103F51FC4AFDD009C5143 /* AudioToolbox.framework */,
				D22103F31FC4AFC8009C5143 /* AVFoundation.framework */,
				D26C9E3B1FBD8C7E0054B918 /* QuartzCore.framework */,
				D26C9E391FBD8BBA0054B918 /* ios-circular-progress-bar-master */,
			);
			name = Frameworks;
			sourceTree = "<group>";
		};
		D288BD3F1FA877B10050BB48 = {
			isa = PBXGroup;
			children = (
				D22103D61FC37E8D009C5143 /* SwitchTableViewCell.swift */,
				D23492591FEEE80400298627 /* MKMagneticProgress.swift */,
				D22103D71FC37E8D009C5143 /* SwitchTableViewCell.xib */,
				D288BD4A1FA877B10050BB48 /* CupOmatic v2 */,
				D288BD5F1FA877B20050BB48 /* CupOmatic v2Tests */,
				D288BD6A1FA877B20050BB48 /* CupOmatic v2UITests */,
				D288BD491FA877B10050BB48 /* Products */,
				D26C9E381FBD8BB80054B918 /* Frameworks */,
			);
			sourceTree = "<group>";
		};
		D288BD491FA877B10050BB48 /* Products */ = {
			isa = PBXGroup;
			children = (
				D288BD481FA877B10050BB48 /* CupOmatic v2.app */,
				D288BD5C1FA877B20050BB48 /* CupOmatic v2Tests.xctest */,
				D288BD671FA877B20050BB48 /* CupOmatic v2UITests.xctest */,
			);
			name = Products;
			sourceTree = "<group>";
		};
		D288BD4A1FA877B10050BB48 /* CupOmatic v2 */ = {
			isa = PBXGroup;
			children = (
				D2A769A51FAB031D00B2756D /* CupOmatic v2.entitlements */,
				D22103DA1FC4A0FF009C5143 /* Audio */,
				D288BD891FA8ADD60050BB48 /* Icons */,
				D288BD4B1FA877B10050BB48 /* AppDelegate.swift */,
				D288BD4D1FA877B20050BB48 /* ViewController.swift */,
				D288BD8E1FA8BC040050BB48 /* ParentTimer.swift */,
				D22103D21FC21591009C5143 /* IntervalTimer.swift */,
				D288BD901FA8C0270050BB48 /* TimerCell.swift */,
				D29CABCB1FAF7A03008EB8EF /* Audio.swift */,
				D29CABCD1FAF85AC008EB8EF /* AlarmSoundViewController.swift */,
				D2D077191FAE2C2B00812949 /* SettingsViewController.swift */,
				D2D0771D1FAE435100812949 /* bowlsViewController.swift */,
				D2D0771F1FAE435B00812949 /* intervalViewController.swift */,
				D2D077211FAE436400812949 /* breakViewController.swift */,
				D2D077231FAE436B00812949 /* sampleViewController.swift */,
				D2D0772B1FAF109E00812949 /* RoundOneViewController.swift */,
				D2D0772F1FAF41AC00812949 /* RoundTwoViewController.swift */,
				D2D077311FAF41C000812949 /* RoundThreeViewController.swift */,
				D2D0772D1FAF152900812949 /* RoundViewController.swift */,
				D2D0771B1FAE2C6000812949 /* InstructionsViewController.swift */,
				D288BD4F1FA877B20050BB48 /* Main.storyboard */,
				D288BD521FA877B20050BB48 /* Assets.xcassets */,
				D288BD541FA877B20050BB48 /* LaunchScreen.storyboard */,
				D288BD571FA877B20050BB48 /* Info.plist */,
			);
			path = "CupOmatic v2";
			sourceTree = "<group>";
		};
		D288BD5F1FA877B20050BB48 /* CupOmatic v2Tests */ = {
			isa = PBXGroup;
			children = (
				D288BD601FA877B20050BB48 /* CupOmatic_v2Tests.swift */,
				D288BD621FA877B20050BB48 /* Info.plist */,
			);
			path = "CupOmatic v2Tests";
			sourceTree = "<group>";
		};
		D288BD6A1FA877B20050BB48 /* CupOmatic v2UITests */ = {
			isa = PBXGroup;
			children = (
				D288BD6B1FA877B20050BB48 /* CupOmatic_v2UITests.swift */,
				D288BD6D1FA877B20050BB48 /* Info.plist */,
			);
			path = "CupOmatic v2UITests";
			sourceTree = "<group>";
		};
		D288BD891FA8ADD60050BB48 /* Icons */ = {
			isa = PBXGroup;
			children = (
				D288BD871FA8ADCA0050BB48 /* Stop.png */,
				D2D077171FAE24AD00812949 /* backButtonIcon.png */,
				D288BD8A1FA8ADFA0050BB48 /* Start.png */,
				D26C9E321FBCF4C80054B918 /* greenButton.png */,
				D26C9E341FBCFA6C0054B918 /* redButton.png */,
				D26C9E361FBD70920054B918 /* reButtonWithShadow.png */,
				D288BD8C1FA8AE070050BB48 /* Reset.png */,
			);
			path = Icons;
			sourceTree = "<group>";
		};
/* End PBXGroup section */

/* Begin PBXNativeTarget section */
		D288BD471FA877B10050BB48 /* CupOmatic v2 */ = {
			isa = PBXNativeTarget;
			buildConfigurationList = D288BD701FA877B20050BB48 /* Build configuration list for PBXNativeTarget "CupOmatic v2" */;
			buildPhases = (
				D288BD441FA877B10050BB48 /* Sources */,
				D288BD451FA877B10050BB48 /* Frameworks */,
				D288BD461FA877B10050BB48 /* Resources */,
			);
			buildRules = (
			);
			dependencies = (
			);
			name = "CupOmatic v2";
			productName = "CupOmatic v2";
			productReference = D288BD481FA877B10050BB48 /* CupOmatic v2.app */;
			productType = "com.apple.product-type.application";
		};
		D288BD5B1FA877B20050BB48 /* CupOmatic v2Tests */ = {
			isa = PBXNativeTarget;
			buildConfigurationList = D288BD731FA877B20050BB48 /* Build configuration list for PBXNativeTarget "CupOmatic v2Tests" */;
			buildPhases = (
				D288BD581FA877B20050BB48 /* Sources */,
				D288BD591FA877B20050BB48 /* Frameworks */,
				D288BD5A1FA877B20050BB48 /* Resources */,
			);
			buildRules = (
			);
			dependencies = (
				D288BD5E1FA877B20050BB48 /* PBXTargetDependency */,
			);
			name = "CupOmatic v2Tests";
			productName = "CupOmatic v2Tests";
			productReference = D288BD5C1FA877B20050BB48 /* CupOmatic v2Tests.xctest */;
			productType = "com.apple.product-type.bundle.unit-test";
		};
		D288BD661FA877B20050BB48 /* CupOmatic v2UITests */ = {
			isa = PBXNativeTarget;
			buildConfigurationList = D288BD761FA877B20050BB48 /* Build configuration list for PBXNativeTarget "CupOmatic v2UITests" */;
			buildPhases = (
				D288BD631FA877B20050BB48 /* Sources */,
				D288BD641FA877B20050BB48 /* Frameworks */,
				D288BD651FA877B20050BB48 /* Resources */,
			);
			buildRules = (
			);
			dependencies = (
				D288BD691FA877B20050BB48 /* PBXTargetDependency */,
			);
			name = "CupOmatic v2UITests";
			productName = "CupOmatic v2UITests";
			productReference = D288BD671FA877B20050BB48 /* CupOmatic v2UITests.xctest */;
			productType = "com.apple.product-type.bundle.ui-testing";
		};
/* End PBXNativeTarget section */

/* Begin PBXProject section */
		D288BD401FA877B10050BB48 /* Project object */ = {
			isa = PBXProject;
			attributes = {
				LastSwiftUpdateCheck = 0900;
				LastUpgradeCheck = 0900;
				ORGANIZATIONNAME = Rinson;
				TargetAttributes = {
					D288BD471FA877B10050BB48 = {
						CreatedOnToolsVersion = 9.0.1;
						ProvisioningStyle = Automatic;
						SystemCapabilities = {
							com.apple.BackgroundModes = {
								enabled = 1;
							};
							com.apple.Push = {
								enabled = 1;
							};
							com.apple.Siri = {
								enabled = 0;
							};
						};
					};
					D288BD5B1FA877B20050BB48 = {
						CreatedOnToolsVersion = 9.0.1;
						ProvisioningStyle = Automatic;
						TestTargetID = D288BD471FA877B10050BB48;
					};
					D288BD661FA877B20050BB48 = {
						CreatedOnToolsVersion = 9.0.1;
						ProvisioningStyle = Automatic;
						TestTargetID = D288BD471FA877B10050BB48;
					};
				};
			};
			buildConfigurationList = D288BD431FA877B10050BB48 /* Build configuration list for PBXProject "CupOmatic v2" */;
			compatibilityVersion = "Xcode 8.0";
			developmentRegion = en;
			hasScannedForEncodings = 0;
			knownRegions = (
				en,
				Base,
			);
			mainGroup = D288BD3F1FA877B10050BB48;
			productRefGroup = D288BD491FA877B10050BB48 /* Products */;
			projectDirPath = "";
			projectRoot = "";
			targets = (
				D288BD471FA877B10050BB48 /* CupOmatic v2 */,
				D288BD5B1FA877B20050BB48 /* CupOmatic v2Tests */,
				D288BD661FA877B20050BB48 /* CupOmatic v2UITests */,
			);
		};
/* End PBXProject section */

/* Begin PBXResourcesBuildPhase section */
		D288BD461FA877B10050BB48 /* Resources */ = {
			isa = PBXResourcesBuildPhase;
			buildActionMask = 2147483647;
			files = (
				D22103F21FC4A1B8009C5143 /* Round 2.wav in Resources */,
				D26C9E331FBCF4C90054B918 /* greenButton.png in Resources */,
				D23F194F1FD5C7270063BF58 /* Get ready final.wav in Resources */,
				D288BD561FA877B20050BB48 /* LaunchScreen.storyboard in Resources */,
				D22103F11FC4A1B8009C5143 /* Round 3.wav in Resources */,
				D26C9E351FBCFA6E0054B918 /* redButton.png in Resources */,
				D2D077181FAE24AE00812949 /* backButtonIcon.png in Resources */,
				D22103ED1FC4A1B8009C5143 /* Sample.wav in Resources */,
				D22103EE1FC4A1B8009C5143 /* Round 1.wav in Resources */,
				D22103EF1FC4A1B8009C5143 /* Pour.wav in Resources */,
				D26C9E371FBD70930054B918 /* reButtonWithShadow.png in Resources */,
				D22103D91FC37E8D009C5143 /* SwitchTableViewCell.xib in Resources */,
				D288BD881FA8ADCA0050BB48 /* Stop.png in Resources */,
				D288BD531FA877B20050BB48 /* Assets.xcassets in Resources */,
				D288BD511FA877B20050BB48 /* Main.storyboard in Resources */,
				D22103F01FC4A1B8009C5143 /* Break.wav in Resources */,
				D288BD8B1FA8ADFA0050BB48 /* Start.png in Resources */,
				D288BD8D1FA8AE070050BB48 /* Reset.png in Resources */,
			);
			runOnlyForDeploymentPostprocessing = 0;
		};
		D288BD5A1FA877B20050BB48 /* Resources */ = {
			isa = PBXResourcesBuildPhase;
			buildActionMask = 2147483647;
			files = (
			);
			runOnlyForDeploymentPostprocessing = 0;
		};
		D288BD651FA877B20050BB48 /* Resources */ = {
			isa = PBXResourcesBuildPhase;
			buildActionMask = 2147483647;
			files = (
			);
			runOnlyForDeploymentPostprocessing = 0;
		};
/* End PBXResourcesBuildPhase section */

/* Begin PBXSourcesBuildPhase section */
		D288BD441FA877B10050BB48 /* Sources */ = {
			isa = PBXSourcesBuildPhase;
			buildActionMask = 2147483647;
			files = (
				D2D0771C1FAE2C6000812949 /* InstructionsViewController.swift in Sources */,
				D2D0772C1FAF109E00812949 /* RoundOneViewController.swift in Sources */,
				D2D0771E1FAE435100812949 /* bowlsViewController.swift in Sources */,
				D288BD4E1FA877B20050BB48 /* ViewController.swift in Sources */,
				D2D077201FAE435B00812949 /* intervalViewController.swift in Sources */,
				D22103D81FC37E8D009C5143 /* SwitchTableViewCell.swift in Sources */,
				D2D077221FAE436400812949 /* breakViewController.swift in Sources */,
				D288BD4C1FA877B10050BB48 /* AppDelegate.swift in Sources */,
				D2D077241FAE436B00812949 /* sampleViewController.swift in Sources */,
				D22103D31FC21591009C5143 /* IntervalTimer.swift in Sources */,
				D288BD8F1FA8BC040050BB48 /* ParentTimer.swift in Sources */,
				D2D0771A1FAE2C2B00812949 /* SettingsViewController.swift in Sources */,
				D2D077321FAF41C000812949 /* RoundThreeViewController.swift in Sources */,
				D2D077301FAF41AC00812949 /* RoundTwoViewController.swift in Sources */,
				D288BD911FA8C0270050BB48 /* TimerCell.swift in Sources */,
				D2D0772E1FAF152900812949 /* RoundViewController.swift in Sources */,
				D234925A1FEEE80500298627 /* MKMagneticProgress.swift in Sources */,
				D29CABCE1FAF85AC008EB8EF /* AlarmSoundViewController.swift in Sources */,
				D29CABCC1FAF7A03008EB8EF /* Audio.swift in Sources */,
			);
			runOnlyForDeploymentPostprocessing = 0;
		};
		D288BD581FA877B20050BB48 /* Sources */ = {
			isa = PBXSourcesBuildPhase;
			buildActionMask = 2147483647;
			files = (
				D288BD611FA877B20050BB48 /* CupOmatic_v2Tests.swift in Sources */,
			);
			runOnlyForDeploymentPostprocessing = 0;
		};
		D288BD631FA877B20050BB48 /* Sources */ = {
			isa = PBXSourcesBuildPhase;
			buildActionMask = 2147483647;
			files = (
				D288BD6C1FA877B20050BB48 /* CupOmatic_v2UITests.swift in Sources */,
			);
			runOnlyForDeploymentPostprocessing = 0;
		};
/* End PBXSourcesBuildPhase section */

/* Begin PBXTargetDependency section */
		D288BD5E1FA877B20050BB48 /* PBXTargetDependency */ = {
			isa = PBXTargetDependency;
			target = D288BD471FA877B10050BB48 /* CupOmatic v2 */;
			targetProxy = D288BD5D1FA877B20050BB48 /* PBXContainerItemProxy */;
		};
		D288BD691FA877B20050BB48 /* PBXTargetDependency */ = {
			isa = PBXTargetDependency;
			target = D288BD471FA877B10050BB48 /* CupOmatic v2 */;
			targetProxy = D288BD681FA877B20050BB48 /* PBXContainerItemProxy */;
		};
/* End PBXTargetDependency section */

/* Begin PBXVariantGroup section */
		D288BD4F1FA877B20050BB48 /* Main.storyboard */ = {
			isa = PBXVariantGroup;
			children = (
				D288BD501FA877B20050BB48 /* Base */,
			);
			name = Main.storyboard;
			sourceTree = "<group>";
		};
		D288BD541FA877B20050BB48 /* LaunchScreen.storyboard */ = {
			isa = PBXVariantGroup;
			children = (
				D288BD551FA877B20050BB48 /* Base */,
			);
			name = LaunchScreen.storyboard;
			sourceTree = "<group>";
		};
/* End PBXVariantGroup section */

/* Begin XCBuildConfiguration section */
		D288BD6E1FA877B20050BB48 /* Debug */ = {
			isa = XCBuildConfiguration;
			buildSettings = {
				ALWAYS_SEARCH_USER_PATHS = NO;
				CLANG_ANALYZER_NONNULL = YES;
				CLANG_ANALYZER_NUMBER_OBJECT_CONVERSION = YES_AGGRESSIVE;
				CLANG_CXX_LANGUAGE_STANDARD = "gnu++14";
				CLANG_CXX_LIBRARY = "libc++";
				CLANG_ENABLE_MODULES = YES;
				CLANG_ENABLE_OBJC_ARC = YES;
				CLANG_WARN_BLOCK_CAPTURE_AUTORELEASING = YES;
				CLANG_WARN_BOOL_CONVERSION = YES;
				CLANG_WARN_COMMA = YES;
				CLANG_WARN_CONSTANT_CONVERSION = YES;
				CLANG_WARN_DIRECT_OBJC_ISA_USAGE = YES_ERROR;
				CLANG_WARN_DOCUMENTATION_COMMENTS = YES;
				CLANG_WARN_EMPTY_BODY = YES;
				CLANG_WARN_ENUM_CONVERSION = YES;
				CLANG_WARN_INFINITE_RECURSION = YES;
				CLANG_WARN_INT_CONVERSION = YES;
				CLANG_WARN_NON_LITERAL_NULL_CONVERSION = YES;
				CLANG_WARN_OBJC_LITERAL_CONVERSION = YES;
				CLANG_WARN_OBJC_ROOT_CLASS = YES_ERROR;
				CLANG_WARN_RANGE_LOOP_ANALYSIS = YES;
				CLANG_WARN_STRICT_PROTOTYPES = YES;
				CLANG_WARN_SUSPICIOUS_MOVE = YES;
				CLANG_WARN_UNGUARDED_AVAILABILITY = YES_AGGRESSIVE;
				CLANG_WARN_UNREACHABLE_CODE = YES;
				CLANG_WARN__DUPLICATE_METHOD_MATCH = YES;
				CODE_SIGN_IDENTITY = "iPhone Developer";
				COPY_PHASE_STRIP = NO;
				DEBUG_INFORMATION_FORMAT = dwarf;
				ENABLE_STRICT_OBJC_MSGSEND = YES;
				ENABLE_TESTABILITY = YES;
				GCC_C_LANGUAGE_STANDARD = gnu11;
				GCC_DYNAMIC_NO_PIC = NO;
				GCC_NO_COMMON_BLOCKS = YES;
				GCC_OPTIMIZATION_LEVEL = 0;
				GCC_PREPROCESSOR_DEFINITIONS = (
					"DEBUG=1",
					"$(inherited)",
				);
				GCC_WARN_64_TO_32_BIT_CONVERSION = YES;
				GCC_WARN_ABOUT_RETURN_TYPE = YES_ERROR;
				GCC_WARN_UNDECLARED_SELECTOR = YES;
				GCC_WARN_UNINITIALIZED_AUTOS = YES_AGGRESSIVE;
				GCC_WARN_UNUSED_FUNCTION = YES;
				GCC_WARN_UNUSED_VARIABLE = YES;
				IPHONEOS_DEPLOYMENT_TARGET = 11.0;
				MTL_ENABLE_DEBUG_INFO = YES;
				ONLY_ACTIVE_ARCH = YES;
				SDKROOT = iphoneos;
				SWIFT_ACTIVE_COMPILATION_CONDITIONS = DEBUG;
				SWIFT_OPTIMIZATION_LEVEL = "-Onone";
			};
			name = Debug;
		};
		D288BD6F1FA877B20050BB48 /* Release */ = {
			isa = XCBuildConfiguration;
			buildSettings = {
				ALWAYS_SEARCH_USER_PATHS = NO;
				CLANG_ANALYZER_NONNULL = YES;
				CLANG_ANALYZER_NUMBER_OBJECT_CONVERSION = YES_AGGRESSIVE;
				CLANG_CXX_LANGUAGE_STANDARD = "gnu++14";
				CLANG_CXX_LIBRARY = "libc++";
				CLANG_ENABLE_MODULES = YES;
				CLANG_ENABLE_OBJC_ARC = YES;
				CLANG_WARN_BLOCK_CAPTURE_AUTORELEASING = YES;
				CLANG_WARN_BOOL_CONVERSION = YES;
				CLANG_WARN_COMMA = YES;
				CLANG_WARN_CONSTANT_CONVERSION = YES;
				CLANG_WARN_DIRECT_OBJC_ISA_USAGE = YES_ERROR;
				CLANG_WARN_DOCUMENTATION_COMMENTS = YES;
				CLANG_WARN_EMPTY_BODY = YES;
				CLANG_WARN_ENUM_CONVERSION = YES;
				CLANG_WARN_INFINITE_RECURSION = YES;
				CLANG_WARN_INT_CONVERSION = YES;
				CLANG_WARN_NON_LITERAL_NULL_CONVERSION = YES;
				CLANG_WARN_OBJC_LITERAL_CONVERSION = YES;
				CLANG_WARN_OBJC_ROOT_CLASS = YES_ERROR;
				CLANG_WARN_RANGE_LOOP_ANALYSIS = YES;
				CLANG_WARN_STRICT_PROTOTYPES = YES;
				CLANG_WARN_SUSPICIOUS_MOVE = YES;
				CLANG_WARN_UNGUARDED_AVAILABILITY = YES_AGGRESSIVE;
				CLANG_WARN_UNREACHABLE_CODE = YES;
				CLANG_WARN__DUPLICATE_METHOD_MATCH = YES;
				CODE_SIGN_IDENTITY = "iPhone Developer";
				COPY_PHASE_STRIP = NO;
				DEBUG_INFORMATION_FORMAT = "dwarf-with-dsym";
				ENABLE_NS_ASSERTIONS = NO;
				ENABLE_STRICT_OBJC_MSGSEND = YES;
				GCC_C_LANGUAGE_STANDARD = gnu11;
				GCC_NO_COMMON_BLOCKS = YES;
				GCC_WARN_64_TO_32_BIT_CONVERSION = YES;
				GCC_WARN_ABOUT_RETURN_TYPE = YES_ERROR;
				GCC_WARN_UNDECLARED_SELECTOR = YES;
				GCC_WARN_UNINITIALIZED_AUTOS = YES_AGGRESSIVE;
				GCC_WARN_UNUSED_FUNCTION = YES;
				GCC_WARN_UNUSED_VARIABLE = YES;
				IPHONEOS_DEPLOYMENT_TARGET = 11.0;
				MTL_ENABLE_DEBUG_INFO = NO;
				SDKROOT = iphoneos;
				SWIFT_OPTIMIZATION_LEVEL = "-Owholemodule";
				VALIDATE_PRODUCT = YES;
			};
			name = Release;
		};
		D288BD711FA877B20050BB48 /* Debug */ = {
			isa = XCBuildConfiguration;
			buildSettings = {
				ASSETCATALOG_COMPILER_APPICON_NAME = AppIcon;
				CODE_SIGN_ENTITLEMENTS = "CupOmatic v2/CupOmatic v2.entitlements";
				CODE_SIGN_STYLE = Automatic;
				DEVELOPMENT_TEAM = V97H765GZ8;
				INFOPLIST_FILE = "CupOmatic v2/Info.plist";
				LD_RUNPATH_SEARCH_PATHS = "$(inherited) @executable_path/Frameworks";
				PRODUCT_BUNDLE_IDENTIFIER = "com.rinson.CupOmatic-v2";
				PRODUCT_NAME = "$(TARGET_NAME)";
				SWIFT_VERSION = 4.0;
				TARGETED_DEVICE_FAMILY = "1,2";
			};
			name = Debug;
		};
		D288BD721FA877B20050BB48 /* Release */ = {
			isa = XCBuildConfiguration;
			buildSettings = {
				ASSETCATALOG_COMPILER_APPICON_NAME = AppIcon;
				CODE_SIGN_ENTITLEMENTS = "CupOmatic v2/CupOmatic v2.entitlements";
				CODE_SIGN_STYLE = Automatic;
				DEVELOPMENT_TEAM = V97H765GZ8;
				INFOPLIST_FILE = "CupOmatic v2/Info.plist";
				LD_RUNPATH_SEARCH_PATHS = "$(inherited) @executable_path/Frameworks";
				PRODUCT_BUNDLE_IDENTIFIER = "com.rinson.CupOmatic-v2";
				PRODUCT_NAME = "$(TARGET_NAME)";
				SWIFT_VERSION = 4.0;
				TARGETED_DEVICE_FAMILY = "1,2";
			};
			name = Release;
		};
		D288BD741FA877B20050BB48 /* Debug */ = {
			isa = XCBuildConfiguration;
			buildSettings = {
				ALWAYS_EMBED_SWIFT_STANDARD_LIBRARIES = YES;
				BUNDLE_LOADER = "$(TEST_HOST)";
				CODE_SIGN_STYLE = Automatic;
				DEVELOPMENT_TEAM = V97H765GZ8;
				INFOPLIST_FILE = "CupOmatic v2Tests/Info.plist";
				LD_RUNPATH_SEARCH_PATHS = "$(inherited) @executable_path/Frameworks @loader_path/Frameworks";
				PRODUCT_BUNDLE_IDENTIFIER = "com.rinson.CupOmatic-v2Tests";
				PRODUCT_NAME = "$(TARGET_NAME)";
				SWIFT_VERSION = 4.0;
				TARGETED_DEVICE_FAMILY = "1,2";
				TEST_HOST = "$(BUILT_PRODUCTS_DIR)/CupOmatic v2.app/CupOmatic v2";
			};
			name = Debug;
		};
		D288BD751FA877B20050BB48 /* Release */ = {
			isa = XCBuildConfiguration;
			buildSettings = {
				ALWAYS_EMBED_SWIFT_STANDARD_LIBRARIES = YES;
				BUNDLE_LOADER = "$(TEST_HOST)";
				CODE_SIGN_STYLE = Automatic;
				DEVELOPMENT_TEAM = V97H765GZ8;
				INFOPLIST_FILE = "CupOmatic v2Tests/Info.plist";
				LD_RUNPATH_SEARCH_PATHS = "$(inherited) @executable_path/Frameworks @loader_path/Frameworks";
				PRODUCT_BUNDLE_IDENTIFIER = "com.rinson.CupOmatic-v2Tests";
				PRODUCT_NAME = "$(TARGET_NAME)";
				SWIFT_VERSION = 4.0;
				TARGETED_DEVICE_FAMILY = "1,2";
				TEST_HOST = "$(BUILT_PRODUCTS_DIR)/CupOmatic v2.app/CupOmatic v2";
			};
			name = Release;
		};
		D288BD771FA877B20050BB48 /* Debug */ = {
			isa = XCBuildConfiguration;
			buildSettings = {
				ALWAYS_EMBED_SWIFT_STANDARD_LIBRARIES = YES;
				CODE_SIGN_STYLE = Automatic;
				DEVELOPMENT_TEAM = V97H765GZ8;
				INFOPLIST_FILE = "CupOmatic v2UITests/Info.plist";
				LD_RUNPATH_SEARCH_PATHS = "$(inherited) @executable_path/Frameworks @loader_path/Frameworks";
				PRODUCT_BUNDLE_IDENTIFIER = "com.rinson.CupOmatic-v2UITests";
				PRODUCT_NAME = "$(TARGET_NAME)";
				SWIFT_VERSION = 4.0;
				TARGETED_DEVICE_FAMILY = "1,2";
				TEST_TARGET_NAME = "CupOmatic v2";
			};
			name = Debug;
		};
		D288BD781FA877B20050BB48 /* Release */ = {
			isa = XCBuildConfiguration;
			buildSettings = {
				ALWAYS_EMBED_SWIFT_STANDARD_LIBRARIES = YES;
				CODE_SIGN_STYLE = Automatic;
				DEVELOPMENT_TEAM = V97H765GZ8;
				INFOPLIST_FILE = "CupOmatic v2UITests/Info.plist";
				LD_RUNPATH_SEARCH_PATHS = "$(inherited) @executable_path/Frameworks @loader_path/Frameworks";
				PRODUCT_BUNDLE_IDENTIFIER = "com.rinson.CupOmatic-v2UITests";
				PRODUCT_NAME = "$(TARGET_NAME)";
				SWIFT_VERSION = 4.0;
				TARGETED_DEVICE_FAMILY = "1,2";
				TEST_TARGET_NAME = "CupOmatic v2";
			};
			name = Release;
		};
/* End XCBuildConfiguration section */

/* Begin XCConfigurationList section */
		D288BD431FA877B10050BB48 /* Build configuration list for PBXProject "CupOmatic v2" */ = {
			isa = XCConfigurationList;
			buildConfigurations = (
				D288BD6E1FA877B20050BB48 /* Debug */,
				D288BD6F1FA877B20050BB48 /* Release */,
			);
			defaultConfigurationIsVisible = 0;
			defaultConfigurationName = Release;
		};
		D288BD701FA877B20050BB48 /* Build configuration list for PBXNativeTarget "CupOmatic v2" */ = {
			isa = XCConfigurationList;
			buildConfigurations = (
				D288BD711FA877B20050BB48 /* Debug */,
				D288BD721FA877B20050BB48 /* Release */,
			);
			defaultConfigurationIsVisible = 0;
			defaultConfigurationName = Release;
		};
		D288BD731FA877B20050BB48 /* Build configuration list for PBXNativeTarget "CupOmatic v2Tests" */ = {
			isa = XCConfigurationList;
			buildConfigurations = (
				D288BD741FA877B20050BB48 /* Debug */,
				D288BD751FA877B20050BB48 /* Release */,
			);
			defaultConfigurationIsVisible = 0;
			defaultConfigurationName = Release;
		};
		D288BD761FA877B20050BB48 /* Build configuration list for PBXNativeTarget "CupOmatic v2UITests" */ = {
			isa = XCConfigurationList;
			buildConfigurations = (
				D288BD771FA877B20050BB48 /* Debug */,
				D288BD781FA877B20050BB48 /* Release */,
			);
			defaultConfigurationIsVisible = 0;
			defaultConfigurationName = Release;
		};
/* End XCConfigurationList section */
	};
	rootObject = D288BD401FA877B10050BB48 /* Project object */;
}
